
Microsoft Visual Studio Solution File, Format Version 12.00
# Visual Studio Version 16
VisualStudioVersion = 16.0.31515.178
MinimumVisualStudioVersion = 10.0.40219.1
Project("{FAE04EC0-301F-11D3-BF4B-00C04F79EFBC}") = "1.Actividad 1", "Semana3Actividades\1.Actividad 1.csproj", "{8BCA40A0-D73C-4195-A083-F8AE2CB743FF}"
EndProject
Project("{FAE04EC0-301F-11D3-BF4B-00C04F79EFBC}") = "2.Actividad 2 ClasePractica", "2.Actividad 2 ClasePractica\2.Actividad 2 ClasePractica.csproj", "{FE0806C1-D8F6-4614-9067-CD7F74D3CC69}"
EndProject
Project("{FAE04EC0-301F-11D3-BF4B-00C04F79EFBC}") = "3.Actividad3ClasePractica", "3.Actividad3ClasePractica\3.Actividad3ClasePractica.csproj", "{17D60183-6AF2-435E-9069-B82188167AFC}"
EndProject
Global
	GlobalSection(SolutionConfigurationPlatforms) = preSolution
		Debug|Any CPU = Debug|Any CPU
		Release|Any CPU = Release|Any CPU
	EndGlobalSection
	GlobalSection(ProjectConfigurationPlatforms) = postSolution
		{8BCA40A0-D73C-4195-A083-F8AE2CB743FF}.Debug|Any CPU.ActiveCfg = Debug|Any CPU
		{8BCA40A0-D73C-4195-A083-F8AE2CB743FF}.Debug|Any CPU.Build.0 = Debug|Any CPU
		{8BCA40A0-D73C-4195-A083-F8AE2CB743FF}.Release|Any CPU.ActiveCfg = Release|Any CPU
		{8BCA40A0-D73C-4195-A083-F8AE2CB743FF}.Release|Any CPU.Build.0 = Release|Any CPU
		{FE0806C1-D8F6-4614-9067-CD7F74D3CC69}.Debug|Any CPU.ActiveCfg = Debug|Any CPU
		{FE0806C1-D8F6-4614-9067-CD7F74D3CC69}.Debug|Any CPU.Build.0 = Debug|Any CPU
		{FE0806C1-D8F6-4614-9067-CD7F74D3CC69}.Release|Any CPU.ActiveCfg = Release|Any CPU
		{FE0806C1-D8F6-4614-9067-CD7F74D3CC69}.Release|Any CPU.Build.0 = Release|Any CPU
		{17D60183-6AF2-435E-9069-B82188167AFC}.Debug|Any CPU.ActiveCfg = Debug|Any CPU
		{17D60183-6AF2-435E-9069-B82188167AFC}.Debug|Any CPU.Build.0 = Debug|Any CPU
		{17D60183-6AF2-435E-9069-B82188167AFC}.Release|Any CPU.ActiveCfg = Release|Any CPU
		{17D60183-6AF2-435E-9069-B82188167AFC}.Release|Any CPU.Build.0 = Release|Any CPU
	EndGlobalSection
	GlobalSection(SolutionProperties) = preSolution
		HideSolutionNode = FALSE
	EndGlobalSection
	GlobalSection(ExtensibilityGlobals) = postSolution
		SolutionGuid = {1055DB5D-153B-4845-B4C0-AADE35193DD5}
	EndGlobalSection
EndGlobal
